
Microsoft Visual Studio Solution File, Format Version 12.00
# Visual Studio 15
VisualStudioVersion = 15.0.28307.572
MinimumVisualStudioVersion = 10.0.40219.1
Project("{FAE04EC0-301F-11D3-BF4B-00C04F79EFBC}") = "Programa", "Programa.csproj", "{C15C2DF7-0C3F-4879-897B-F3CD5AB2F10B}"
EndProject
Global
	GlobalSection(SolutionConfigurationPlatforms) = preSolution
		Debug|Any CPU = Debug|Any CPU
		Release|Any CPU = Release|Any CPU
	EndGlobalSection
	GlobalSection(ProjectConfigurationPlatforms) = postSolution
		{C15C2DF7-0C3F-4879-897B-F3CD5AB2F10B}.Debug|Any CPU.ActiveCfg = Debug|Any CPU
		{C15C2DF7-0C3F-4879-897B-F3CD5AB2F10B}.Debug|Any CPU.Build.0 = Debug|Any CPU
		{C15C2DF7-0C3F-4879-897B-F3CD5AB2F10B}.Release|Any CPU.ActiveCfg = Release|Any CPU
		{C15C2DF7-0C3F-4879-897B-F3CD5AB2F10B}.Release|Any CPU.Build.0 = Release|Any CPU
	EndGlobalSection
	GlobalSection(SolutionProperties) = preSolution
		HideSolutionNode = FALSE
	EndGlobalSection
	GlobalSection(ExtensibilityGlobals) = postSolution
		SolutionGuid = {02540DA8-7E10-4463-953B-87FECBA1097F}
	EndGlobalSection
EndGlobal
